
Microsoft Visual Studio Solution File, Format Version 12.00
# Visual Studio Version 17
VisualStudioVersion = 17.4.33213.308
MinimumVisualStudioVersion = 10.0.40219.1
Project("{FAE04EC0-301F-11D3-BF4B-00C04F79EFBC}") = "5sayinin_siralanmasi", "5sayinin_siralanmasi.csproj", "{2C0F4B37-02CB-4A18-8693-F20DE590E7F8}"
EndProject
Global
	GlobalSection(SolutionConfigurationPlatforms) = preSolution
		Debug|Any CPU = Debug|Any CPU
		Release|Any CPU = Release|Any CPU
	EndGlobalSection
	GlobalSection(ProjectConfigurationPlatforms) = postSolution
		{2C0F4B37-02CB-4A18-8693-F20DE590E7F8}.Debug|Any CPU.ActiveCfg = Debug|Any CPU
		{2C0F4B37-02CB-4A18-8693-F20DE590E7F8}.Debug|Any CPU.Build.0 = Debug|Any CPU
		{2C0F4B37-02CB-4A18-8693-F20DE590E7F8}.Release|Any CPU.ActiveCfg = Release|Any CPU
		{2C0F4B37-02CB-4A18-8693-F20DE590E7F8}.Release|Any CPU.Build.0 = Release|Any CPU
	EndGlobalSection
	GlobalSection(SolutionProperties) = preSolution
		HideSolutionNode = FALSE
	EndGlobalSection
	GlobalSection(ExtensibilityGlobals) = postSolution
		SolutionGuid = {04C04060-DD1B-46A6-A6DD-425FBAFE80EE}
	EndGlobalSection
EndGlobal
